
Microsoft Visual Studio Solution File, Format Version 12.00
# Visual Studio Version 16
VisualStudioVersion = 16.0.31005.135
MinimumVisualStudioVersion = 10.0.40219.1
Project("{FAE04EC0-301F-11D3-BF4B-00C04F79EFBC}") = "Res_ManagementSystem", "Res_ManagementSystem\Res_ManagementSystem.csproj", "{68DA5C0C-6C44-4EAC-8681-6656C70B26DC}"
EndProject
Global
	GlobalSection(SolutionConfigurationPlatforms) = preSolution
		Debug|Any CPU = Debug|Any CPU
		Release|Any CPU = Release|Any CPU
	EndGlobalSection
	GlobalSection(ProjectConfigurationPlatforms) = postSolution
		{68DA5C0C-6C44-4EAC-8681-6656C70B26DC}.Debug|Any CPU.ActiveCfg = Debug|Any CPU
		{68DA5C0C-6C44-4EAC-8681-6656C70B26DC}.Debug|Any CPU.Build.0 = Debug|Any CPU
		{68DA5C0C-6C44-4EAC-8681-6656C70B26DC}.Release|Any CPU.ActiveCfg = Release|Any CPU
		{68DA5C0C-6C44-4EAC-8681-6656C70B26DC}.Release|Any CPU.Build.0 = Release|Any CPU
	EndGlobalSection
	GlobalSection(SolutionProperties) = preSolution
		HideSolutionNode = FALSE
	EndGlobalSection
	GlobalSection(ExtensibilityGlobals) = postSolution
		SolutionGuid = {2B8CFE57-B956-4CDB-9805-A922261CAF67}
	EndGlobalSection
EndGlobal
